
Microsoft Visual Studio Solution File, Format Version 12.00
# Visual Studio 15
VisualStudioVersion = 15.0.27130.2027
MinimumVisualStudioVersion = 10.0.40219.1
Project("{FAE04EC0-301F-11D3-BF4B-00C04F79EFBC}") = "PostalAddressSearch", "PostalAddressSearch\PostalAddressSearch.csproj", "{AB480214-D5FD-4E43-B24D-1B2718BBB615}"
EndProject
Global
	GlobalSection(SolutionConfigurationPlatforms) = preSolution
		Debug|Any CPU = Debug|Any CPU
		Release|Any CPU = Release|Any CPU
	EndGlobalSection
	GlobalSection(ProjectConfigurationPlatforms) = postSolution
		{AB480214-D5FD-4E43-B24D-1B2718BBB615}.Debug|Any CPU.ActiveCfg = Debug|Any CPU
		{AB480214-D5FD-4E43-B24D-1B2718BBB615}.Debug|Any CPU.Build.0 = Debug|Any CPU
		{AB480214-D5FD-4E43-B24D-1B2718BBB615}.Release|Any CPU.ActiveCfg = Release|Any CPU
		{AB480214-D5FD-4E43-B24D-1B2718BBB615}.Release|Any CPU.Build.0 = Release|Any CPU
	EndGlobalSection
	GlobalSection(SolutionProperties) = preSolution
		HideSolutionNode = FALSE
	EndGlobalSection
	GlobalSection(ExtensibilityGlobals) = postSolution
		SolutionGuid = {7F87F838-A259-4EAF-8DBA-B41A4B1CE2D6}
	EndGlobalSection
EndGlobal
